// !$*UTF8*$!
{
	archiveVersion = 1;
	classes = {
	};
	objectVersion = 46;
	objects = {

/* Begin PBXBuildFile section */
		CFE0677D1F73F4B80070456F /* textDelegate.swift in Sources */ = {isa = PBXBuildFile; fileRef = CFE0677C1F73F4B80070456F /* textDelegate.swift */; };
		CFE815621F38D84C00AFCBBD /* AppDelegate.swift in Sources */ = {isa = PBXBuildFile; fileRef = CFE815611F38D84C00AFCBBD /* AppDelegate.swift */; };
		CFE815641F38D84C00AFCBBD /* ViewController.swift in Sources */ = {isa = PBXBuildFile; fileRef = CFE815631F38D84C00AFCBBD /* ViewController.swift */; };
		CFE815671F38D84C00AFCBBD /* Main.storyboard in Resources */ = {isa = PBXBuildFile; fileRef = CFE815651F38D84C00AFCBBD /* Main.storyboard */; };
		CFE815691F38D84C00AFCBBD /* Assets.xcassets in Resources */ = {isa = PBXBuildFile; fileRef = CFE815681F38D84C00AFCBBD /* Assets.xcassets */; };
		CFE8156C1F38D84C00AFCBBD /* LaunchScreen.storyboard in Resources */ = {isa = PBXBuildFile; fileRef = CFE8156A1F38D84C00AFCBBD /* LaunchScreen.storyboard */; };
/* End PBXBuildFile section */

/* Begin PBXFileReference section */
		CFE0677C1F73F4B80070456F /* textDelegate.swift */ = {isa = PBXFileReference; fileEncoding = 4; lastKnownFileType = sourcecode.swift; path = textDelegate.swift; sourceTree = "<group>"; };
		CFE8155E1F38D84C00AFCBBD /* Dank experiments.app */ = {isa = PBXFileReference; explicitFileType = wrapper.application; includeInIndex = 0; path = "Dank experiments.app"; sourceTree = BUILT_PRODUCTS_DIR; };
		CFE815611F38D84C00AFCBBD /* AppDelegate.swift */ = {isa = PBXFileReference; lastKnownFileType = sourcecode.swift; path = AppDelegate.swift; sourceTree = "<group>"; };
		CFE815631F38D84C00AFCBBD /* ViewController.swift */ = {isa = PBXFileReference; lastKnownFileType = sourcecode.swift; path = ViewController.swift; sourceTree = "<group>"; };
		CFE815661F38D84C00AFCBBD /* Base */ = {isa = PBXFileReference; lastKnownFileType = file.storyboard; name = Base; path = Base.lproj/Main.storyboard; sourceTree = "<group>"; };
		CFE815681F38D84C00AFCBBD /* Assets.xcassets */ = {isa = PBXFileReference; lastKnownFileType = folder.assetcatalog; path = Assets.xcassets; sourceTree = "<group>"; };
		CFE8156B1F38D84C00AFCBBD /* Base */ = {isa = PBXFileReference; lastKnownFileType = file.storyboard; name = Base; path = Base.lproj/LaunchScreen.storyboard; sourceTree = "<group>"; };
		CFE8156D1F38D84C00AFCBBD /* Info.plist */ = {isa = PBXFileReference; lastKnownFileType = text.plist.xml; path = Info.plist; sourceTree = "<group>"; };
/* End PBXFileReference section */

/* Begin PBXFrameworksBuildPhase section */
		CFE8155B1F38D84C00AFCBBD /* Frameworks */ = {
			isa = PBXFrameworksBuildPhase;
			buildActionMask = 2147483647;
			files = (
			);
			runOnlyForDeploymentPostprocessing = 0;
		};
/* End PBXFrameworksBuildPhase section */

/* Begin PBXGroup section */
		CFE815551F38D84C00AFCBBD = {
			isa = PBXGroup;
			children = (
				CFE815601F38D84C00AFCBBD /* Dank experiments */,
				CFE8155F1F38D84C00AFCBBD /* Products */,
			);
			sourceTree = "<group>";
		};
		CFE8155F1F38D84C00AFCBBD /* Products */ = {
			isa = PBXGroup;
			children = (
				CFE8155E1F38D84C00AFCBBD /* Dank experiments.app */,
			);
			name = Products;
			sourceTree = "<group>";
		};
		CFE815601F38D84C00AFCBBD /* Dank experiments */ = {
			isa = PBXGroup;
			children = (
				CFE815611F38D84C00AFCBBD /* AppDelegate.swift */,
				CFE815631F38D84C00AFCBBD /* ViewController.swift */,
				CFE815651F38D84C00AFCBBD /* Main.storyboard */,
				CFE0677C1F73F4B80070456F /* textDelegate.swift */,
				CFE815681F38D84C00AFCBBD /* Assets.xcassets */,
				CFE8156A1F38D84C00AFCBBD /* LaunchScreen.storyboard */,
				CFE8156D1F38D84C00AFCBBD /* Info.plist */,
			);
			path = "Dank experiments";
			sourceTree = "<group>";
		};
/* End PBXGroup section */

/* Begin PBXNativeTarget section */
		CFE8155D1F38D84C00AFCBBD /* Dank experiments */ = {
			isa = PBXNativeTarget;
			buildConfigurationList = CFE815701F38D84C00AFCBBD /* Build configuration list for PBXNativeTarget "Dank experiments" */;
			buildPhases = (
				CFE8155A1F38D84C00AFCBBD /* Sources */,
				CFE8155B1F38D84C00AFCBBD /* Frameworks */,
				CFE8155C1F38D84C00AFCBBD /* Resources */,
			);
			buildRules = (
			);
			dependencies = (
			);
			name = "Dank experiments";
			productName = "Dank experiments";
			productReference = CFE8155E1F38D84C00AFCBBD /* Dank experiments.app */;
			productType = "com.apple.product-type.application";
		};
/* End PBXNativeTarget section */

/* Begin PBXProject section */
		CFE815561F38D84C00AFCBBD /* Project object */ = {
			isa = PBXProject;
			attributes = {
				LastSwiftUpdateCheck = 0830;
				LastUpgradeCheck = 0830;
				ORGANIZATIONNAME = Zaben;
				TargetAttributes = {
					CFE8155D1F38D84C00AFCBBD = {
						CreatedOnToolsVersion = 8.3.3;
						ProvisioningStyle = Automatic;
					};
				};
			};
			buildConfigurationList = CFE815591F38D84C00AFCBBD /* Build configuration list for PBXProject "Dank experiments" */;
			compatibilityVersion = "Xcode 3.2";
			developmentRegion = English;
			hasScannedForEncodings = 0;
			knownRegions = (
				en,
				Base,
			);
			mainGroup = CFE815551F38D84C00AFCBBD;
			productRefGroup = CFE8155F1F38D84C00AFCBBD /* Products */;
			projectDirPath = "";
			projectRoot = "";
			targets = (
				CFE8155D1F38D84C00AFCBBD /* Dank experiments */,
			);
		};
/* End PBXProject section */

/* Begin PBXResourcesBuildPhase section */
		CFE8155C1F38D84C00AFCBBD /* Resources */ = {
			isa = PBXResourcesBuildPhase;
			buildActionMask = 2147483647;
			files = (
				CFE8156C1F38D84C00AFCBBD /* LaunchScreen.storyboard in Resources */,
				CFE815691F38D84C00AFCBBD /* Assets.xcassets in Resources */,
				CFE815671F38D84C00AFCBBD /* Main.storyboard in Resources */,
			);
			runOnlyForDeploymentPostprocessing = 0;
		};
/* End PBXResourcesBuildPhase section */

/* Begin PBXSourcesBuildPhase section */
		CFE8155A1F38D84C00AFCBBD /* Sources */ = {
			isa = PBXSourcesBuildPhase;
			buildActionMask = 2147483647;
			files = (
				CFE0677D1F73F4B80070456F /* textDelegate.swift in Sources */,
				CFE815641F38D84C00AFCBBD /* ViewController.swift in Sources */,
				CFE815621F38D84C00AFCBBD /* AppDelegate.swift in Sources */,
			);
			runOnlyForDeploymentPostprocessing = 0;
		};
/* End PBXSourcesBuildPhase section */

/* Begin PBXVariantGroup section */
		CFE815651F38D84C00AFCBBD /* Main.storyboard */ = {
			isa = PBXVariantGroup;
			children = (
				CFE815661F38D84C00AFCBBD /* Base */,
			);
			name = Main.storyboard;
			sourceTree = "<group>";
		};
		CFE8156A1F38D84C00AFCBBD /* LaunchScreen.storyboard */ = {
			isa = PBXVariantGroup;
			children = (
				CFE8156B1F38D84C00AFCBBD /* Base */,
			);
			name = LaunchScreen.storyboard;
			sourceTree = "<group>";
		};
/* End PBXVariantGroup section */

/* Begin XCBuildConfiguration section */
		CFE8156E1F38D84C00AFCBBD /* Debug */ = {
			isa = XCBuildConfiguration;
			buildSettings = {
				ALWAYS_SEARCH_USER_PATHS = NO;
				CLANG_ANALYZER_NONNULL = YES;
				CLANG_ANALYZER_NUMBER_OBJECT_CONVERSION = YES_AGGRESSIVE;
				CLANG_CXX_LANGUAGE_STANDARD = "gnu++0x";
				CLANG_CXX_LIBRARY = "libc++";
				CLANG_ENABLE_MODULES = YES;
				CLANG_ENABLE_OBJC_ARC = YES;
				CLANG_WARN_BOOL_CONVERSION = YES;
				CLANG_WARN_CONSTANT_CONVERSION = YES;
				CLANG_WARN_DIRECT_OBJC_ISA_USAGE = YES_ERROR;
				CLANG_WARN_DOCUMENTATION_COMMENTS = YES;
				CLANG_WARN_EMPTY_BODY = YES;
				CLANG_WARN_ENUM_CONVERSION = YES;
				CLANG_WARN_INFINITE_RECURSION = YES;
				CLANG_WARN_INT_CONVERSION = YES;
				CLANG_WARN_OBJC_ROOT_CLASS = YES_ERROR;
				CLANG_WARN_SUSPICIOUS_MOVE = YES;
				CLANG_WARN_UNREACHABLE_CODE = YES;
				CLANG_WARN__DUPLICATE_METHOD_MATCH = YES;
				"CODE_SIGN_IDENTITY[sdk=iphoneos*]" = "iPhone Developer";
				COPY_PHASE_STRIP = NO;
				DEBUG_INFORMATION_FORMAT = dwarf;
				ENABLE_STRICT_OBJC_MSGSEND = YES;
				ENABLE_TESTABILITY = YES;
				GCC_C_LANGUAGE_STANDARD = gnu99;
				GCC_DYNAMIC_NO_PIC = NO;
				GCC_NO_COMMON_BLOCKS = YES;
				GCC_OPTIMIZATION_LEVEL = 0;
				GCC_PREPROCESSOR_DEFINITIONS = (
					"DEBUG=1",
					"$(inherited)",
				);
				GCC_WARN_64_TO_32_BIT_CONVERSION = YES;
				GCC_WARN_ABOUT_RETURN_TYPE = YES_ERROR;
				GCC_WARN_UNDECLARED_SELECTOR = YES;
				GCC_WARN_UNINITIALIZED_AUTOS = YES_AGGRESSIVE;
				GCC_WARN_UNUSED_FUNCTION = YES;
				GCC_WARN_UNUSED_VARIABLE = YES;
				IPHONEOS_DEPLOYMENT_TARGET = 10.3;
				MTL_ENABLE_DEBUG_INFO = YES;
				ONLY_ACTIVE_ARCH = YES;
				SDKROOT = iphoneos;
				SWIFT_ACTIVE_COMPILATION_CONDITIONS = DEBUG;
				SWIFT_OPTIMIZATION_LEVEL = "-Onone";
				TARGETED_DEVICE_FAMILY = "1,2";
			};
			name = Debug;
		};
		CFE8156F1F38D84C00AFCBBD /* Release */ = {
			isa = XCBuildConfiguration;
			buildSettings = {
				ALWAYS_SEARCH_USER_PATHS = NO;
				CLANG_ANALYZER_NONNULL = YES;
				CLANG_ANALYZER_NUMBER_OBJECT_CONVERSION = YES_AGGRESSIVE;
				CLANG_CXX_LANGUAGE_STANDARD = "gnu++0x";
				CLANG_CXX_LIBRARY = "libc++";
				CLANG_ENABLE_MODULES = YES;
				CLANG_ENABLE_OBJC_ARC = YES;
				CLANG_WARN_BOOL_CONVERSION = YES;
				CLANG_WARN_CONSTANT_CONVERSION = YES;
				CLANG_WARN_DIRECT_OBJC_ISA_USAGE = YES_ERROR;
				CLANG_WARN_DOCUMENTATION_COMMENTS = YES;
				CLANG_WARN_EMPTY_BODY = YES;
				CLANG_WARN_ENUM_CONVERSION = YES;
				CLANG_WARN_INFINITE_RECURSION = YES;
				CLANG_WARN_INT_CONVERSION = YES;
				CLANG_WARN_OBJC_ROOT_CLASS = YES_ERROR;
				CLANG_WARN_SUSPICIOUS_MOVE = YES;
				CLANG_WARN_UNREACHABLE_CODE = YES;
				CLANG_WARN__DUPLICATE_METHOD_MATCH = YES;
				"CODE_SIGN_IDENTITY[sdk=iphoneos*]" = "iPhone Developer";
				COPY_PHASE_STRIP = NO;
				DEBUG_INFORMATION_FORMAT = "dwarf-with-dsym";
				ENABLE_NS_ASSERTIONS = NO;
				ENABLE_STRICT_OBJC_MSGSEND = YES;
				GCC_C_LANGUAGE_STANDARD = gnu99;
				GCC_NO_COMMON_BLOCKS = YES;
				GCC_WARN_64_TO_32_BIT_CONVERSION = YES;
				GCC_WARN_ABOUT_RETURN_TYPE = YES_ERROR;
				GCC_WARN_UNDECLARED_SELECTOR = YES;
				GCC_WARN_UNINITIALIZED_AUTOS = YES_AGGRESSIVE;
				GCC_WARN_UNUSED_FUNCTION = YES;
				GCC_WARN_UNUSED_VARIABLE = YES;
				IPHONEOS_DEPLOYMENT_TARGET = 10.3;
				MTL_ENABLE_DEBUG_INFO = NO;
				SDKROOT = iphoneos;
				SWIFT_OPTIMIZATION_LEVEL = "-Owholemodule";
				TARGETED_DEVICE_FAMILY = "1,2";
				VALIDATE_PRODUCT = YES;
			};
			name = Release;
		};
		CFE815711F38D84C00AFCBBD /* Debug */ = {
			isa = XCBuildConfiguration;
			buildSettings = {
				ASSETCATALOG_COMPILER_APPICON_NAME = AppIcon;
				INFOPLIST_FILE = "Dank experiments/Info.plist";
				LD_RUNPATH_SEARCH_PATHS = "$(inherited) @executable_path/Frameworks";
				PRODUCT_BUNDLE_IDENTIFIER = "com.Zaben.Dank-experiments";
				PRODUCT_NAME = "$(TARGET_NAME)";
				SWIFT_VERSION = 3.0;
			};
			name = Debug;
		};
		CFE815721F38D84C00AFCBBD /* Release */ = {
			isa = XCBuildConfiguration;
			buildSettings = {
				ASSETCATALOG_COMPILER_APPICON_NAME = AppIcon;
				INFOPLIST_FILE = "Dank experiments/Info.plist";
				LD_RUNPATH_SEARCH_PATHS = "$(inherited) @executable_path/Frameworks";
				PRODUCT_BUNDLE_IDENTIFIER = "com.Zaben.Dank-experiments";
				PRODUCT_NAME = "$(TARGET_NAME)";
				SWIFT_VERSION = 3.0;
			};
			name = Release;
		};
/* End XCBuildConfiguration section */

/* Begin XCConfigurationList section */
		CFE815591F38D84C00AFCBBD /* Build configuration list for PBXProject "Dank experiments" */ = {
			isa = XCConfigurationList;
			buildConfigurations = (
				CFE8156E1F38D84C00AFCBBD /* Debug */,
				CFE8156F1F38D84C00AFCBBD /* Release */,
			);
			defaultConfigurationIsVisible = 0;
			defaultConfigurationName = Release;
		};
		CFE815701F38D84C00AFCBBD /* Build configuration list for PBXNativeTarget "Dank experiments" */ = {
			isa = XCConfigurationList;
			buildConfigurations = (
				CFE815711F38D84C00AFCBBD /* Debug */,
				CFE815721F38D84C00AFCBBD /* Release */,
			);
			defaultConfigurationIsVisible = 0;
			defaultConfigurationName = Release;
		};
/* End XCConfigurationList section */
	};
	rootObject = CFE815561F38D84C00AFCBBD /* Project object */;
}
